
Microsoft Visual Studio Solution File, Format Version 12.00
# Visual Studio 15
VisualStudioVersion = 15.0.28307.852
MinimumVisualStudioVersion = 10.0.40219.1
Project("{9A19103F-16F7-4668-BE54-9A1E7A4F7556}") = "AdventOfCode2018", "AdventOfCode2018\AdventOfCode2018.csproj", "{5DF85BB7-F023-4CD7-A610-0502F1469B3A}"
EndProject
Project("{9A19103F-16F7-4668-BE54-9A1E7A4F7556}") = "AoC2019", "AoC2019\AoC2019.csproj", "{2AAAD9DD-0CCE-4D4A-A086-45C61B1C94C4}"
EndProject
Global
	GlobalSection(Performance) = preSolution
		HasPerformanceSessions = true
	EndGlobalSection
	GlobalSection(SolutionConfigurationPlatforms) = preSolution
		Debug|Any CPU = Debug|Any CPU
		Release|Any CPU = Release|Any CPU
	EndGlobalSection
	GlobalSection(ProjectConfigurationPlatforms) = postSolution
		{5DF85BB7-F023-4CD7-A610-0502F1469B3A}.Debug|Any CPU.ActiveCfg = Debug|Any CPU
		{5DF85BB7-F023-4CD7-A610-0502F1469B3A}.Debug|Any CPU.Build.0 = Debug|Any CPU
		{5DF85BB7-F023-4CD7-A610-0502F1469B3A}.Release|Any CPU.ActiveCfg = Release|Any CPU
		{5DF85BB7-F023-4CD7-A610-0502F1469B3A}.Release|Any CPU.Build.0 = Release|Any CPU
		{2AAAD9DD-0CCE-4D4A-A086-45C61B1C94C4}.Debug|Any CPU.ActiveCfg = Debug|Any CPU
		{2AAAD9DD-0CCE-4D4A-A086-45C61B1C94C4}.Debug|Any CPU.Build.0 = Debug|Any CPU
		{2AAAD9DD-0CCE-4D4A-A086-45C61B1C94C4}.Release|Any CPU.ActiveCfg = Release|Any CPU
		{2AAAD9DD-0CCE-4D4A-A086-45C61B1C94C4}.Release|Any CPU.Build.0 = Release|Any CPU
	EndGlobalSection
	GlobalSection(SolutionProperties) = preSolution
		HideSolutionNode = FALSE
	EndGlobalSection
	GlobalSection(ExtensibilityGlobals) = postSolution
		SolutionGuid = {77EA0ED5-7C50-40F4-8C55-D08A9916214B}
	EndGlobalSection
EndGlobal
